
Microsoft Visual Studio Solution File, Format Version 12.00
# Visual Studio Version 17
VisualStudioVersion = 17.2.32526.322
MinimumVisualStudioVersion = 10.0.40219.1
Project("{FAE04EC0-301F-11D3-BF4B-00C04F79EFBC}") = "PhoneBookv1.Server", "Server\PhoneBookv1.Server.csproj", "{0BC68295-033E-4ACF-9F8E-9AA4CF3BDCEC}"
EndProject
Project("{FAE04EC0-301F-11D3-BF4B-00C04F79EFBC}") = "PhoneBookv1.Client", "Client\PhoneBookv1.Client.csproj", "{01E8FABB-0DA1-4322-BEB7-927936139041}"
EndProject
Project("{FAE04EC0-301F-11D3-BF4B-00C04F79EFBC}") = "PhoneBookv1.Shared", "Shared\PhoneBookv1.Shared.csproj", "{B0E16E68-1AA2-4F6D-9640-B1C44B44DE73}"
EndProject
Global
	GlobalSection(SolutionConfigurationPlatforms) = preSolution
		Debug|Any CPU = Debug|Any CPU
		Release|Any CPU = Release|Any CPU
	EndGlobalSection
	GlobalSection(ProjectConfigurationPlatforms) = postSolution
		{0BC68295-033E-4ACF-9F8E-9AA4CF3BDCEC}.Debug|Any CPU.ActiveCfg = Debug|Any CPU
		{0BC68295-033E-4ACF-9F8E-9AA4CF3BDCEC}.Debug|Any CPU.Build.0 = Debug|Any CPU
		{0BC68295-033E-4ACF-9F8E-9AA4CF3BDCEC}.Release|Any CPU.ActiveCfg = Release|Any CPU
		{0BC68295-033E-4ACF-9F8E-9AA4CF3BDCEC}.Release|Any CPU.Build.0 = Release|Any CPU
		{01E8FABB-0DA1-4322-BEB7-927936139041}.Debug|Any CPU.ActiveCfg = Debug|Any CPU
		{01E8FABB-0DA1-4322-BEB7-927936139041}.Debug|Any CPU.Build.0 = Debug|Any CPU
		{01E8FABB-0DA1-4322-BEB7-927936139041}.Release|Any CPU.ActiveCfg = Release|Any CPU
		{01E8FABB-0DA1-4322-BEB7-927936139041}.Release|Any CPU.Build.0 = Release|Any CPU
		{B0E16E68-1AA2-4F6D-9640-B1C44B44DE73}.Debug|Any CPU.ActiveCfg = Debug|Any CPU
		{B0E16E68-1AA2-4F6D-9640-B1C44B44DE73}.Debug|Any CPU.Build.0 = Debug|Any CPU
		{B0E16E68-1AA2-4F6D-9640-B1C44B44DE73}.Release|Any CPU.ActiveCfg = Release|Any CPU
		{B0E16E68-1AA2-4F6D-9640-B1C44B44DE73}.Release|Any CPU.Build.0 = Release|Any CPU
	EndGlobalSection
	GlobalSection(SolutionProperties) = preSolution
		HideSolutionNode = FALSE
	EndGlobalSection
	GlobalSection(ExtensibilityGlobals) = postSolution
		SolutionGuid = {F50C47D7-6FE0-48E2-9E2A-7E546BE2D66E}
	EndGlobalSection
EndGlobal
